
Microsoft Visual Studio Solution File, Format Version 12.00
# Visual Studio Version 17
VisualStudioVersion = 17.8.34408.163
MinimumVisualStudioVersion = 10.0.40219.1
Project("{FAE04EC0-301F-11D3-BF4B-00C04F79EFBC}") = "SwiftChat", "SwiftChat\SwiftChat.csproj", "{4999785F-A55D-48DE-BC4C-997C2637F0E1}"
EndProject
Global
	GlobalSection(SolutionConfigurationPlatforms) = preSolution
		Debug|Any CPU = Debug|Any CPU
		Release|Any CPU = Release|Any CPU
	EndGlobalSection
	GlobalSection(ProjectConfigurationPlatforms) = postSolution
		{4999785F-A55D-48DE-BC4C-997C2637F0E1}.Debug|Any CPU.ActiveCfg = Debug|Any CPU
		{4999785F-A55D-48DE-BC4C-997C2637F0E1}.Debug|Any CPU.Build.0 = Debug|Any CPU
		{4999785F-A55D-48DE-BC4C-997C2637F0E1}.Release|Any CPU.ActiveCfg = Release|Any CPU
		{4999785F-A55D-48DE-BC4C-997C2637F0E1}.Release|Any CPU.Build.0 = Release|Any CPU
	EndGlobalSection
	GlobalSection(SolutionProperties) = preSolution
		HideSolutionNode = FALSE
	EndGlobalSection
	GlobalSection(ExtensibilityGlobals) = postSolution
		SolutionGuid = {C5406797-EBC5-41B8-9ACE-4B8B317CB363}
	EndGlobalSection
EndGlobal
